dependencies:
- name: opentelemetry-collector
  repository: https://open-telemetry.github.io/opentelemetry-helm-charts
  version: 0.170.0
- name: jaeger
  repository: https://jaegertracing.github.io/helm-charts
  version: 4.12.0
- name: prometheus
  repository: https://prometheus-community.github.io/helm-charts
  version: 29.27.0
- name: grafana
  repository: https://grafana-community.github.io/helm-charts
  version: 12.11.1
- name: opensearch
  repository: https://opensearch-project.github.io/helm-charts/
  version: 3.8.0
- name: thanos
  repository: https://charts.bitnami.com/bitnami
  version: 17.3.1
digest: sha256:c82ad7fc6310bb5afa0796f9060537dc0612cf1602f5b8d1268453e0296a7ae6
generated: "2026-08-21T08:04:16.820659236Z"
